
Microsoft Visual Studio Solution File, Format Version 12.00
# Visual Studio 2013
VisualStudioVersion = 12.0.31101.0
MinimumVisualStudioVersion = 10.0.40219.1
Project("{FAE04EC0-301F-11D3-BF4B-00C04F79EFBC}") = "1. Fibonacci", "1. Fibonacci\1. Fibonacci.csproj", "{149598D1-36DB-45AB-AEAE-71509D9C6ABB}"
EndProject
Project("{FAE04EC0-301F-11D3-BF4B-00C04F79EFBC}") = "2. LongestIncreasingSubsequence", "2. LongestIncreasingSubsequence\2. LongestIncreasingSubsequence.csproj", "{B778C40B-92B7-4404-8D84-1248CFA61069}"
EndProject
Project("{FAE04EC0-301F-11D3-BF4B-00C04F79EFBC}") = "3. Move Down Right sum Problem", "3. Move Down Right sum Problem\3. Move Down Right sum Problem.csproj", "{8FA3D489-B842-422F-9A3F-A74949AF09AA}"
EndProject
Global
	GlobalSection(SolutionConfigurationPlatforms) = preSolution
		Debug|Any CPU = Debug|Any CPU
		Release|Any CPU = Release|Any CPU
	EndGlobalSection
	GlobalSection(ProjectConfigurationPlatforms) = postSolution
		{149598D1-36DB-45AB-AEAE-71509D9C6ABB}.Debug|Any CPU.ActiveCfg = Debug|Any CPU
		{149598D1-36DB-45AB-AEAE-71509D9C6ABB}.Debug|Any CPU.Build.0 = Debug|Any CPU
		{149598D1-36DB-45AB-AEAE-71509D9C6ABB}.Release|Any CPU.ActiveCfg = Release|Any CPU
		{149598D1-36DB-45AB-AEAE-71509D9C6ABB}.Release|Any CPU.Build.0 = Release|Any CPU
		{B778C40B-92B7-4404-8D84-1248CFA61069}.Debug|Any CPU.ActiveCfg = Debug|Any CPU
		{B778C40B-92B7-4404-8D84-1248CFA61069}.Debug|Any CPU.Build.0 = Debug|Any CPU
		{B778C40B-92B7-4404-8D84-1248CFA61069}.Release|Any CPU.ActiveCfg = Release|Any CPU
		{B778C40B-92B7-4404-8D84-1248CFA61069}.Release|Any CPU.Build.0 = Release|Any CPU
		{8FA3D489-B842-422F-9A3F-A74949AF09AA}.Debug|Any CPU.ActiveCfg = Debug|Any CPU
		{8FA3D489-B842-422F-9A3F-A74949AF09AA}.Debug|Any CPU.Build.0 = Debug|Any CPU
		{8FA3D489-B842-422F-9A3F-A74949AF09AA}.Release|Any CPU.ActiveCfg = Release|Any CPU
		{8FA3D489-B842-422F-9A3F-A74949AF09AA}.Release|Any CPU.Build.0 = Release|Any CPU
	EndGlobalSection
	GlobalSection(SolutionProperties) = preSolution
		HideSolutionNode = FALSE
	EndGlobalSection
EndGlobal
